{
  "lockfile_version": "1",
  "packages": {
    "act@0.2.89": {
      "last_modified": "2026-06-06T02:11:57Z",
      "resolved": "github:NixOS/nixpkgs/f3ce60d5372cbb1490033766bdd4748dc0128e86#act",
      "source": "devbox-search",
      "version": "0.2.89",
      "systems": {
        "aarch64-darwin": {
          "outputs": [
            {
              "name": "out",
              "path": "/nix/store/h4dq1lrf47b35lpbnp2faqpxyicbn29d-act-0.2.89",
              "default": true
            }
          ],
          "store_path": "/nix/store/h4dq1lrf47b35lpbnp2faqpxyicbn29d-act-0.2.89"
        },
        "aarch64-linux": {
          "outputs": [
            {
              "name": "out",
              "path": "/nix/store/yciwf350knkkrs27ga35qs8gki836dql-act-0.2.89",
              "default": true
            }
          ],
          "store_path": "/nix/store/yciwf350knkkrs27ga35qs8gki836dql-act-0.2.89"
        },
        "x86_64-darwin": {
          "outputs": [
            {
              "name": "out",
              "path": "/nix/store/zfkd6hwj5d6db4ljlj0d80ai1mxs5f56-act-0.2.89",
              "default": true
            }
          ],
          "store_path": "/nix/store/zfkd6hwj5d6db4ljlj0d80ai1mxs5f56-act-0.2.89"
        },
        "x86_64-linux": {
          "outputs": [
            {
              "name": "out",
              "path": "/nix/store/q9wh1f9ygjvwpa9k1lyb9jy05nynxdna-act-0.2.89",
              "default": true
            }
          ],
          "store_path": "/nix/store/q9wh1f9ygjvwpa9k1lyb9jy05nynxdna-act-0.2.89"
        }
      }
    },
    "adrs@0.7.6": {
      "last_modified": "2026-06-16T10:57:20Z",
      "resolved": "github:NixOS/nixpkgs/3e41b24abd260e8f71dbe2f5737d24122f972158#adrs",
      "source": "devbox-search",
      "version": "0.7.6",
      "systems": {
        "aarch64-darwin": {
          "outputs": [
            {
              "name": "out",
              "path": "/nix/store/6s14592n1papls29nn5x8ipl5m7b59k1-adrs-0.7.6",
              "default": true
            }
          ],
          "store_path": "/nix/store/6s14592n1papls29nn5x8ipl5m7b59k1-adrs-0.7.6"
        },
        "aarch64-linux": {
          "outputs": [
            {
              "name": "out",
              "path": "/nix/store/adhph7njxccz5szwpyjyr5jzwdynsisg-adrs-0.7.6",
              "default": true
            }
          ],
          "store_path": "/nix/store/adhph7njxccz5szwpyjyr5jzwdynsisg-adrs-0.7.6"
        },
        "x86_64-darwin": {
          "outputs": [
            {
              "name": "out",
              "path": "/nix/store/x71z0gsawl464wyp7hisc3xzwydrv29w-adrs-0.7.6",
              "default": true
            }
          ],
          "store_path": "/nix/store/x71z0gsawl464wyp7hisc3xzwydrv29w-adrs-0.7.6"
        },
        "x86_64-linux": {
          "outputs": [
            {
              "name": "out",
              "path": "/nix/store/cpily1i00n55jjk8l23pldm4dx4jw61r-adrs-0.7.6",
              "default": true
            }
          ],
          "store_path": "/nix/store/cpily1i00n55jjk8l23pldm4dx4jw61r-adrs-0.7.6"
        }
      }
    },
    "docker@29.5.3": {
      "last_modified": "2026-06-11T10:33:09Z",
      "resolved": "github:NixOS/nixpkgs/8c91a71d13451abc40eb9dae8910f972f979852f#docker",
      "source": "devbox-search",
      "version": "29.5.3",
      "systems": {
        "aarch64-darwin": {
          "outputs": [
            {
              "name": "out",
              "path": "/nix/store/31j7fxwmws9zzagg23jrjsjrv3fxbqwg-docker-29.5.3",
              "default": true
            }
          ],
          "store_path": "/nix/store/31j7fxwmws9zzagg23jrjsjrv3fxbqwg-docker-29.5.3"
        },
        "aarch64-linux": {
          "outputs": [
            {
              "name": "out",
              "path": "/nix/store/59glv1s26vi6y5pfi3hynmfkdgjld8qd-docker-29.5.3",
              "default": true
            }
          ],
          "store_path": "/nix/store/59glv1s26vi6y5pfi3hynmfkdgjld8qd-docker-29.5.3"
        },
        "x86_64-darwin": {
          "outputs": [
            {
              "name": "out",
              "path": "/nix/store/1jkf9wxglr3lxw86ymmqjdl94idj4y2r-docker-29.5.3",
              "default": true
            }
          ],
          "store_path": "/nix/store/1jkf9wxglr3lxw86ymmqjdl94idj4y2r-docker-29.5.3"
        },
        "x86_64-linux": {
          "outputs": [
            {
              "name": "out",
              "path": "/nix/store/0v29a69aa2sdwih84jv3j3xnbv0n49sg-docker-29.5.3",
              "default": true
            }
          ],
          "store_path": "/nix/store/0v29a69aa2sdwih84jv3j3xnbv0n49sg-docker-29.5.3"
        }
      }
    },
    "git@2.54.0": {
      "last_modified": "2026-05-26T09:13:58Z",
      "resolved": "github:NixOS/nixpkgs/f44f7788c891fbe5542177df78374f8cdab10e8f#git",
      "source": "devbox-search",
      "version": "2.54.0",
      "systems": {
        "aarch64-darwin": {
          "outputs": [
            {
              "name": "out",
              "path": "/nix/store/a14yxcqvv9x2l9mllgpirzhvz93pgprg-git-2.54.0",
              "default": true
            },
            {
              "name": "doc",
              "path": "/nix/store/zn8gmbxxf5398hxg6y6nk5jimj85qj69-git-2.54.0-doc"
            }
          ],
          "store_path": "/nix/store/a14yxcqvv9x2l9mllgpirzhvz93pgprg-git-2.54.0"
        },
        "aarch64-linux": {
          "outputs": [
            {
              "name": "out",
              "path": "/nix/store/ixp98f9avf8ikpdrmp40cj33g0dazyp9-git-2.54.0",
              "default": true
            },
            {
              "name": "debug",
              "path": "/nix/store/c7mafmqf28l7898rpbqqkd0p3m42hc03-git-2.54.0-debug"
            },
            {
              "name": "doc",
              "path": "/nix/store/klwr4n2snj7ldlpkhwarwlif80myx0vj-git-2.54.0-doc"
            }
          ],
          "store_path": "/nix/store/ixp98f9avf8ikpdrmp40cj33g0dazyp9-git-2.54.0"
        },
        "x86_64-darwin": {
          "outputs": [
            {
              "name": "out",
              "path": "/nix/store/s9lsrlgwr3sabw9a2dl3laykas0ijk85-git-2.54.0",
              "default": true
            },
            {
              "name": "doc",
              "path": "/nix/store/agyxy5ay4x06b52mj24rz44fc82328ha-git-2.54.0-doc"
            }
          ],
          "store_path": "/nix/store/s9lsrlgwr3sabw9a2dl3laykas0ijk85-git-2.54.0"
        },
        "x86_64-linux": {
          "outputs": [
            {
              "name": "out",
              "path": "/nix/store/bcnisk3ydfgv26v2gw3zlky24g00yww2-git-2.54.0",
              "default": true
            },
            {
              "name": "debug",
              "path": "/nix/store/72fyakk8w8idjbksk0h8jbkq6sgvcm85-git-2.54.0-debug"
            },
            {
              "name": "doc",
              "path": "/nix/store/l444690y78nfdwyzm6mghagl7xa97myf-git-2.54.0-doc"
            }
          ],
          "store_path": "/nix/store/bcnisk3ydfgv26v2gw3zlky24g00yww2-git-2.54.0"
        }
      }
    },
    "github:NixOS/nixpkgs/nixpkgs-unstable": {
      "last_modified": "2025-08-13T10:51:09Z",
      "resolved": "github:NixOS/nixpkgs/d74de548348c46cf25cb1fcc4b74f38103a4590d?lastModified=1755082269&narHash=sha256-Ix7ALeaxv9tW4uBKWeJnaKpYZtZiX4H4Q%2FMhEmj4XYA%3D"
    },
    "go@1.26.4": {
      "last_modified": "2026-06-27T07:37:20Z",
      "resolved": "github:NixOS/nixpkgs/3d46470bb3030020f7e1361f33514854f5bfa86d#go",
      "source": "devbox-search",
      "version": "1.26.4",
      "systems": {
        "aarch64-darwin": {
          "outputs": [
            {
              "name": "out",
              "path": "/nix/store/kyai650rrywrzflnwda9mbk2c2j9w68r-go-1.26.4",
              "default": true
            }
          ],
          "store_path": "/nix/store/kyai650rrywrzflnwda9mbk2c2j9w68r-go-1.26.4"
        },
        "aarch64-linux": {
          "outputs": [
            {
              "name": "out",
              "path": "/nix/store/lgcj27hrbanbc93xm9zdrldds7b1jrw8-go-1.26.4",
              "default": true
            }
          ],
          "store_path": "/nix/store/lgcj27hrbanbc93xm9zdrldds7b1jrw8-go-1.26.4"
        },
        "x86_64-darwin": {
          "outputs": [
            {
              "name": "out",
              "path": "/nix/store/h0z6ghmi3cihlbm163d72xs9p9nn04a1-go-1.26.4",
              "default": true
            }
          ],
          "store_path": "/nix/store/h0z6ghmi3cihlbm163d72xs9p9nn04a1-go-1.26.4"
        },
        "x86_64-linux": {
          "outputs": [
            {
              "name": "out",
              "path": "/nix/store/gb0njhqswlc5n127ikgyikvq39r40l6f-go-1.26.4",
              "default": true
            }
          ],
          "store_path": "/nix/store/gb0njhqswlc5n127ikgyikvq39r40l6f-go-1.26.4"
        }
      }
    },
    "gosec@2.27.1": {
      "last_modified": "2026-06-23T00:43:55Z",
      "resolved": "github:NixOS/nixpkgs/89570f24e97e614aa34aa9ab1c927b6578a43775#gosec",
      "source": "devbox-search",
      "version": "2.27.1",
      "systems": {
        "aarch64-darwin": {
          "outputs": [
            {
              "name": "out",
              "path": "/nix/store/4m0vgsznh4pm8m5bdmclyhaadghrginn-gosec-2.27.1",
              "default": true
            }
          ],
          "store_path": "/nix/store/4m0vgsznh4pm8m5bdmclyhaadghrginn-gosec-2.27.1"
        },
        "aarch64-linux": {
          "outputs": [
            {
              "name": "out",
              "path": "/nix/store/avcpgb7qgy60iy03y4a68fixl21dd3il-gosec-2.27.1",
              "default": true
            }
          ],
          "store_path": "/nix/store/avcpgb7qgy60iy03y4a68fixl21dd3il-gosec-2.27.1"
        },
        "x86_64-darwin": {
          "outputs": [
            {
              "name": "out",
              "path": "/nix/store/9zdpfa8f3955222x57rw6h3qr5lr2i3l-gosec-2.27.1",
              "default": true
            }
          ],
          "store_path": "/nix/store/9zdpfa8f3955222x57rw6h3qr5lr2i3l-gosec-2.27.1"
        },
        "x86_64-linux": {
          "outputs": [
            {
              "name": "out",
              "path": "/nix/store/iizgin6ih9p9zvz85rpzgy50g6v8g2q0-gosec-2.27.1",
              "default": true
            }
          ],
          "store_path": "/nix/store/iizgin6ih9p9zvz85rpzgy50g6v8g2q0-gosec-2.27.1"
        }
      }
    }
  }
}
