{
  "lockfile_version": "1",
  "packages": {
    "act@0.2.89": {
      "last_modified": "2026-06-06T02:11:57Z",
      "resolved": "github:NixOS/nixpkgs/f3ce60d5372cbb1490033766bdd4748dc0128e86#act",
      "source": "devbox-search",
      "version": "0.2.89",
      "systems": {
        "aarch64-darwin": {
          "outputs": [
            {
              "name": "out",
              "path": "/nix/store/h4dq1lrf47b35lpbnp2faqpxyicbn29d-act-0.2.89",
              "default": true
            }
          ],
          "store_path": "/nix/store/h4dq1lrf47b35lpbnp2faqpxyicbn29d-act-0.2.89"
        },
        "aarch64-linux": {
          "outputs": [
            {
              "name": "out",
              "path": "/nix/store/yciwf350knkkrs27ga35qs8gki836dql-act-0.2.89",
              "default": true
            }
          ],
          "store_path": "/nix/store/yciwf350knkkrs27ga35qs8gki836dql-act-0.2.89"
        },
        "x86_64-darwin": {
          "outputs": [
            {
              "name": "out",
              "path": "/nix/store/zfkd6hwj5d6db4ljlj0d80ai1mxs5f56-act-0.2.89",
              "default": true
            }
          ],
          "store_path": "/nix/store/zfkd6hwj5d6db4ljlj0d80ai1mxs5f56-act-0.2.89"
        },
        "x86_64-linux": {
          "outputs": [
            {
              "name": "out",
              "path": "/nix/store/q9wh1f9ygjvwpa9k1lyb9jy05nynxdna-act-0.2.89",
              "default": true
            }
          ],
          "store_path": "/nix/store/q9wh1f9ygjvwpa9k1lyb9jy05nynxdna-act-0.2.89"
        }
      }
    },
    "adrs@0.10.1": {
      "last_modified": "2026-08-01T16:34:20Z",
      "resolved": "github:NixOS/nixpkgs/a5cbcfe954791221bfffe2307f7d1a1bf61a871e#adrs",
      "source": "devbox-search",
      "version": "0.10.1",
      "systems": {
        "aarch64-darwin": {
          "outputs": [
            {
              "name": "out",
              "path": "/nix/store/nskp7fdc890xw4m9l3vwvqncca496dm7-adrs-0.10.1",
              "default": true
            }
          ],
          "store_path": "/nix/store/nskp7fdc890xw4m9l3vwvqncca496dm7-adrs-0.10.1"
        },
        "aarch64-linux": {
          "outputs": [
            {
              "name": "out",
              "path": "/nix/store/3xlx41hanwylbp1i55aifws22qbkwvp5-adrs-0.10.1",
              "default": true
            }
          ],
          "store_path": "/nix/store/3xlx41hanwylbp1i55aifws22qbkwvp5-adrs-0.10.1"
        },
        "x86_64-linux": {
          "outputs": [
            {
              "name": "out",
              "path": "/nix/store/ziihbzs40s54q1kv5a98j72z12q3d2xj-adrs-0.10.1",
              "default": true
            }
          ],
          "store_path": "/nix/store/ziihbzs40s54q1kv5a98j72z12q3d2xj-adrs-0.10.1"
        }
      }
    },
    "docker@29.6.2": {
      "last_modified": "2026-07-23T13:11:22Z",
      "resolved": "github:NixOS/nixpkgs/6d12004108e0e4a5cfa4bd83b14477f040b15773#docker",
      "source": "devbox-search",
      "version": "29.6.2",
      "systems": {
        "aarch64-darwin": {
          "outputs": [
            {
              "name": "out",
              "path": "/nix/store/xyxq8s9w1p4jj6xxxqad7hgq4a77jlyr-docker-29.6.2",
              "default": true
            }
          ],
          "store_path": "/nix/store/xyxq8s9w1p4jj6xxxqad7hgq4a77jlyr-docker-29.6.2"
        },
        "aarch64-linux": {
          "outputs": [
            {
              "name": "out",
              "path": "/nix/store/b513i38jiry74ccdsl7n2nyxl2fk06hv-docker-29.6.2",
              "default": true
            }
          ],
          "store_path": "/nix/store/b513i38jiry74ccdsl7n2nyxl2fk06hv-docker-29.6.2"
        },
        "x86_64-linux": {
          "outputs": [
            {
              "name": "out",
              "path": "/nix/store/aibbc1ldkg566hycld6zvr1ifnsyhmk1-docker-29.6.2",
              "default": true
            }
          ],
          "store_path": "/nix/store/aibbc1ldkg566hycld6zvr1ifnsyhmk1-docker-29.6.2"
        }
      }
    },
    "git@2.55.0": {
      "last_modified": "2026-07-23T05:10:05Z",
      "resolved": "github:NixOS/nixpkgs/7525d999cd850b9a488817abc89c75dc733acf17#git",
      "source": "devbox-search",
      "version": "2.55.0",
      "systems": {
        "aarch64-darwin": {
          "outputs": [
            {
              "name": "out",
              "path": "/nix/store/mm146m54sdyyqlgn1vs1y2ha8qkqbq4d-git-2.55.0",
              "default": true
            },
            {
              "name": "doc",
              "path": "/nix/store/6zngfmnwj4f1i6y81sbp2ni3nfzbhapr-git-2.55.0-doc"
            }
          ],
          "store_path": "/nix/store/mm146m54sdyyqlgn1vs1y2ha8qkqbq4d-git-2.55.0"
        },
        "aarch64-linux": {
          "outputs": [
            {
              "name": "out",
              "path": "/nix/store/m5pr759k6l5w4pry4d96nk47hj8pq1fp-git-2.55.0",
              "default": true
            },
            {
              "name": "debug",
              "path": "/nix/store/3vz6cdc94ch6vyfvs2hsr3di4a112dcl-git-2.55.0-debug"
            },
            {
              "name": "doc",
              "path": "/nix/store/7i5h1q53czyr7pi9zv5ljdyi3x88w362-git-2.55.0-doc"
            }
          ],
          "store_path": "/nix/store/m5pr759k6l5w4pry4d96nk47hj8pq1fp-git-2.55.0"
        },
        "x86_64-linux": {
          "outputs": [
            {
              "name": "out",
              "path": "/nix/store/rq1vg974qcxzb9dazz9dbq2qm72r9fa4-git-2.55.0",
              "default": true
            },
            {
              "name": "debug",
              "path": "/nix/store/q36dlq816877n8is15shkyhcwp1d4va1-git-2.55.0-debug"
            },
            {
              "name": "doc",
              "path": "/nix/store/kbddl0iwydskifb753jn5zhzayazzfwm-git-2.55.0-doc"
            }
          ],
          "store_path": "/nix/store/rq1vg974qcxzb9dazz9dbq2qm72r9fa4-git-2.55.0"
        }
      }
    },
    "github:NixOS/nixpkgs/nixpkgs-unstable": {
      "last_modified": "2025-08-13T10:51:09Z",
      "resolved": "github:NixOS/nixpkgs/d74de548348c46cf25cb1fcc4b74f38103a4590d?lastModified=1755082269&narHash=sha256-Ix7ALeaxv9tW4uBKWeJnaKpYZtZiX4H4Q%2FMhEmj4XYA%3D"
    },
    "go@1.26.5": {
      "last_modified": "2026-07-23T05:10:05Z",
      "resolved": "github:NixOS/nixpkgs/7525d999cd850b9a488817abc89c75dc733acf17#go",
      "source": "devbox-search",
      "version": "1.26.5",
      "systems": {
        "aarch64-darwin": {
          "outputs": [
            {
              "name": "out",
              "path": "/nix/store/naw4mj4s58ymzlc10a76y79m40w3wfpp-go-1.26.5",
              "default": true
            }
          ],
          "store_path": "/nix/store/naw4mj4s58ymzlc10a76y79m40w3wfpp-go-1.26.5"
        },
        "aarch64-linux": {
          "outputs": [
            {
              "name": "out",
              "path": "/nix/store/fhg6v8k9hbqpr4b2zcmd099afxh7qxw0-go-1.26.5",
              "default": true
            }
          ],
          "store_path": "/nix/store/fhg6v8k9hbqpr4b2zcmd099afxh7qxw0-go-1.26.5"
        },
        "x86_64-linux": {
          "outputs": [
            {
              "name": "out",
              "path": "/nix/store/rcz9i4msbg3178grqll9h98b07dwk7zg-go-1.26.5",
              "default": true
            }
          ],
          "store_path": "/nix/store/rcz9i4msbg3178grqll9h98b07dwk7zg-go-1.26.5"
        }
      }
    },
    "gosec@2.28.0": {
      "last_modified": "2026-07-14T18:49:32Z",
      "resolved": "github:NixOS/nixpkgs/3889d66586e664adc76aa5c242331d3d71786187#gosec",
      "source": "devbox-search",
      "version": "2.28.0",
      "systems": {
        "aarch64-darwin": {
          "outputs": [
            {
              "name": "out",
              "path": "/nix/store/gf0l128255fry1jzkkp5rlv7wnpmhmq0-gosec-2.28.0",
              "default": true
            }
          ],
          "store_path": "/nix/store/gf0l128255fry1jzkkp5rlv7wnpmhmq0-gosec-2.28.0"
        },
        "aarch64-linux": {
          "outputs": [
            {
              "name": "out",
              "path": "/nix/store/zzskh0glnhx536m8xhi64i5rv5ichh5d-gosec-2.28.0",
              "default": true
            }
          ],
          "store_path": "/nix/store/zzskh0glnhx536m8xhi64i5rv5ichh5d-gosec-2.28.0"
        },
        "x86_64-linux": {
          "outputs": [
            {
              "name": "out",
              "path": "/nix/store/qafc0ccl8i088bjspdlg4aqkb3bz6iag-gosec-2.28.0",
              "default": true
            }
          ],
          "store_path": "/nix/store/qafc0ccl8i088bjspdlg4aqkb3bz6iag-gosec-2.28.0"
        }
      }
    }
  }
}
